
Microsoft Visual Studio Solution File, Format Version 12.00
# Visual Studio Version 17
VisualStudioVersion = 17.5.33502.453
MinimumVisualStudioVersion = 10.0.40219.1
Project("{FAE04EC0-301F-11D3-BF4B-00C04F79EFBC}") = "Semana5.Android", "Semana5\Semana5.Android\Semana5.Android.csproj", "{E9525207-010E-4BA1-A29F-3445D5882AA9}"
EndProject
Project("{FAE04EC0-301F-11D3-BF4B-00C04F79EFBC}") = "Semana5.iOS", "Semana5\Semana5.iOS\Semana5.iOS.csproj", "{00007E74-870B-4ACE-98C3-59B95AFB0576}"
EndProject
Project("{FAE04EC0-301F-11D3-BF4B-00C04F79EFBC}") = "Semana5", "Semana5\Semana5\Semana5.csproj", "{39ED6B53-3E03-42A8-B2F7-36DE14D8298B}"
EndProject
Global
	GlobalSection(SolutionConfigurationPlatforms) = preSolution
		Debug|Any CPU = Debug|Any CPU
		Debug|iPhone = Debug|iPhone
		Debug|iPhoneSimulator = Debug|iPhoneSimulator
		Release|Any CPU = Release|Any CPU
		Release|iPhone = Release|iPhone
		Release|iPhoneSimulator = Release|iPhoneSimulator
	EndGlobalSection
	GlobalSection(ProjectConfigurationPlatforms) = postSolution
		{E9525207-010E-4BA1-A29F-3445D5882AA9}.Debug|Any CPU.ActiveCfg = Debug|Any CPU
		{E9525207-010E-4BA1-A29F-3445D5882AA9}.Debug|Any CPU.Build.0 = Debug|Any CPU
		{E9525207-010E-4BA1-A29F-3445D5882AA9}.Debug|Any CPU.Deploy.0 = Debug|Any CPU
		{E9525207-010E-4BA1-A29F-3445D5882AA9}.Debug|iPhone.ActiveCfg = Debug|Any CPU
		{E9525207-010E-4BA1-A29F-3445D5882AA9}.Debug|iPhone.Build.0 = Debug|Any CPU
		{E9525207-010E-4BA1-A29F-3445D5882AA9}.Debug|iPhone.Deploy.0 = Debug|Any CPU
		{E9525207-010E-4BA1-A29F-3445D5882AA9}.Debug|iPhoneSimulator.ActiveCfg = Debug|Any CPU
		{E9525207-010E-4BA1-A29F-3445D5882AA9}.Debug|iPhoneSimulator.Build.0 = Debug|Any CPU
		{E9525207-010E-4BA1-A29F-3445D5882AA9}.Debug|iPhoneSimulator.Deploy.0 = Debug|Any CPU
		{E9525207-010E-4BA1-A29F-3445D5882AA9}.Release|Any CPU.ActiveCfg = Release|Any CPU
		{E9525207-010E-4BA1-A29F-3445D5882AA9}.Release|Any CPU.Build.0 = Release|Any CPU
		{E9525207-010E-4BA1-A29F-3445D5882AA9}.Release|Any CPU.Deploy.0 = Release|Any CPU
		{E9525207-010E-4BA1-A29F-3445D5882AA9}.Release|iPhone.ActiveCfg = Release|Any CPU
		{E9525207-010E-4BA1-A29F-3445D5882AA9}.Release|iPhone.Build.0 = Release|Any CPU
		{E9525207-010E-4BA1-A29F-3445D5882AA9}.Release|iPhone.Deploy.0 = Release|Any CPU
		{E9525207-010E-4BA1-A29F-3445D5882AA9}.Release|iPhoneSimulator.ActiveCfg = Release|Any CPU
		{E9525207-010E-4BA1-A29F-3445D5882AA9}.Release|iPhoneSimulator.Build.0 = Release|Any CPU
		{E9525207-010E-4BA1-A29F-3445D5882AA9}.Release|iPhoneSimulator.Deploy.0 = Release|Any CPU
		{00007E74-870B-4ACE-98C3-59B95AFB0576}.Debug|Any CPU.ActiveCfg = Debug|iPhone
		{00007E74-870B-4ACE-98C3-59B95AFB0576}.Debug|Any CPU.Build.0 = Debug|iPhone
		{00007E74-870B-4ACE-98C3-59B95AFB0576}.Debug|Any CPU.Deploy.0 = Debug|iPhone
		{00007E74-870B-4ACE-98C3-59B95AFB0576}.Debug|iPhone.ActiveCfg = Debug|iPhone
		{00007E74-870B-4ACE-98C3-59B95AFB0576}.Debug|iPhone.Build.0 = Debug|iPhone
		{00007E74-870B-4ACE-98C3-59B95AFB0576}.Debug|iPhone.Deploy.0 = Debug|iPhone
		{00007E74-870B-4ACE-98C3-59B95AFB0576}.Debug|iPhoneSimulator.ActiveCfg = Debug|iPhoneSimulator
		{00007E74-870B-4ACE-98C3-59B95AFB0576}.Debug|iPhoneSimulator.Build.0 = Debug|iPhoneSimulator
		{00007E74-870B-4ACE-98C3-59B95AFB0576}.Debug|iPhoneSimulator.Deploy.0 = Debug|iPhoneSimulator
		{00007E74-870B-4ACE-98C3-59B95AFB0576}.Release|Any CPU.ActiveCfg = Release|iPhoneSimulator
		{00007E74-870B-4ACE-98C3-59B95AFB0576}.Release|Any CPU.Build.0 = Release|iPhoneSimulator
		{00007E74-870B-4ACE-98C3-59B95AFB0576}.Release|Any CPU.Deploy.0 = Release|iPhoneSimulator
		{00007E74-870B-4ACE-98C3-59B95AFB0576}.Release|iPhone.ActiveCfg = Release|iPhone
		{00007E74-870B-4ACE-98C3-59B95AFB0576}.Release|iPhone.Build.0 = Release|iPhone
		{00007E74-870B-4ACE-98C3-59B95AFB0576}.Release|iPhone.Deploy.0 = Release|iPhone
		{00007E74-870B-4ACE-98C3-59B95AFB0576}.Release|iPhoneSimulator.ActiveCfg = Release|iPhoneSimulator
		{00007E74-870B-4ACE-98C3-59B95AFB0576}.Release|iPhoneSimulator.Build.0 = Release|iPhoneSimulator
		{00007E74-870B-4ACE-98C3-59B95AFB0576}.Release|iPhoneSimulator.Deploy.0 = Release|iPhoneSimulator
		{39ED6B53-3E03-42A8-B2F7-36DE14D8298B}.Debug|Any CPU.ActiveCfg = Debug|Any CPU
		{39ED6B53-3E03-42A8-B2F7-36DE14D8298B}.Debug|Any CPU.Build.0 = Debug|Any CPU
		{39ED6B53-3E03-42A8-B2F7-36DE14D8298B}.Debug|Any CPU.Deploy.0 = Debug|Any CPU
		{39ED6B53-3E03-42A8-B2F7-36DE14D8298B}.Debug|iPhone.ActiveCfg = Debug|Any CPU
		{39ED6B53-3E03-42A8-B2F7-36DE14D8298B}.Debug|iPhone.Build.0 = Debug|Any CPU
		{39ED6B53-3E03-42A8-B2F7-36DE14D8298B}.Debug|iPhone.Deploy.0 = Debug|Any CPU
		{39ED6B53-3E03-42A8-B2F7-36DE14D8298B}.Debug|iPhoneSimulator.ActiveCfg = Debug|Any CPU
		{39ED6B53-3E03-42A8-B2F7-36DE14D8298B}.Debug|iPhoneSimulator.Build.0 = Debug|Any CPU
		{39ED6B53-3E03-42A8-B2F7-36DE14D8298B}.Debug|iPhoneSimulator.Deploy.0 = Debug|Any CPU
		{39ED6B53-3E03-42A8-B2F7-36DE14D8298B}.Release|Any CPU.ActiveCfg = Release|Any CPU
		{39ED6B53-3E03-42A8-B2F7-36DE14D8298B}.Release|Any CPU.Build.0 = Release|Any CPU
		{39ED6B53-3E03-42A8-B2F7-36DE14D8298B}.Release|Any CPU.Deploy.0 = Release|Any CPU
		{39ED6B53-3E03-42A8-B2F7-36DE14D8298B}.Release|iPhone.ActiveCfg = Release|Any CPU
		{39ED6B53-3E03-42A8-B2F7-36DE14D8298B}.Release|iPhone.Build.0 = Release|Any CPU
		{39ED6B53-3E03-42A8-B2F7-36DE14D8298B}.Release|iPhone.Deploy.0 = Release|Any CPU
		{39ED6B53-3E03-42A8-B2F7-36DE14D8298B}.Release|iPhoneSimulator.ActiveCfg = Release|Any CPU
		{39ED6B53-3E03-42A8-B2F7-36DE14D8298B}.Release|iPhoneSimulator.Build.0 = Release|Any CPU
		{39ED6B53-3E03-42A8-B2F7-36DE14D8298B}.Release|iPhoneSimulator.Deploy.0 = Release|Any CPU
	EndGlobalSection
	GlobalSection(SolutionProperties) = preSolution
		HideSolutionNode = FALSE
	EndGlobalSection
	GlobalSection(ExtensibilityGlobals) = postSolution
		SolutionGuid = {E8EDC766-77AA-4506-9C9E-8E6BCF400395}
	EndGlobalSection
EndGlobal
